{
  "name": "webPageDiff",
  "lockfileVersion": 2,
  "requires": true,
  "packages": {
    "": {
      "devDependencies": {
        "playwright": "^1.30.0"
      }
    },
    "node_modules/playwright": {
      "version": "1.30.0",
      "resolved": "https://registry.npmjs.org/playwright/-/playwright-1.30.0.tgz",
      "integrity": "sha512-ENbW5o75HYB3YhnMTKJLTErIBExrSlX2ZZ1C/FzmHjUYIfxj/UnI+DWpQr992m+OQVSg0rCExAOlRwB+x+yyIg==",
      "dev": true,
      "hasInstallScript": true,
      "dependencies": {
        "playwright-core": "1.30.0"
      },
      "bin": {
        "playwright": "cli.js"
      },
      "engines": {
        "node": ">=14"
      }
    },
    "node_modules/playwright-core": {
      "version": "1.30.0",
      "resolved": "https://registry.npmjs.org/playwright-core/-/playwright-core-1.30.0.tgz",
      "integrity": "sha512-7AnRmTCf+GVYhHbLJsGUtskWTE33SwMZkybJ0v6rqR1boxq2x36U7p1vDRV7HO2IwTZgmycracLxPEJI49wu4g==",
      "dev": true,
      "bin": {
        "playwright": "cli.js"
      },
      "engines": {
        "node": ">=14"
      }
    }
  },
  "dependencies": {
    "playwright": {
      "version": "1.30.0",
      "resolved": "https://registry.npmjs.org/playwright/-/playwright-1.30.0.tgz",
      "integrity": "sha512-ENbW5o75HYB3YhnMTKJLTErIBExrSlX2ZZ1C/FzmHjUYIfxj/UnI+DWpQr992m+OQVSg0rCExAOlRwB+x+yyIg==",
      "dev": true,
      "requires": {
        "playwright-core": "1.30.0"
      }
    },
    "playwright-core": {
      "version": "1.30.0",
      "resolved": "https://registry.npmjs.org/playwright-core/-/playwright-core-1.30.0.tgz",
      "integrity": "sha512-7AnRmTCf+GVYhHbLJsGUtskWTE33SwMZkybJ0v6rqR1boxq2x36U7p1vDRV7HO2IwTZgmycracLxPEJI49wu4g==",
      "dev": true
    }
  }
}
